# This file is autogenerated, do not edit; changes may be undone by the next 'dep ensure'.


[[projects]]
  branch = "master"
  digest = "1:bf58c23ca9d56bef85bf354d8081a3db7ddca808299d7d7e9bf0c24dbb4ebfa7"
  name = "github.com/jimmyjames85/depOne"
  packages = ["."]
  pruneopts = "UT"
  revision = "fbf5aa8dbde49c3d0d07e51f73d0baeafab9135c"

[[projects]]
  branch = "master"
  digest = "1:9e7be73ebbd0b18911895a7d4486e610a2115541aab324784e8aeb279df58133"
  name = "github.com/jimmyjames85/depTwo"
  packages = ["."]
  pruneopts = "UT"
  revision = "26079693c99e4a16762ca6f7253e5c36481eedc3"

[solve-meta]
  analyzer-name = "dep"
  analyzer-version = 1
  input-imports = [
    "github.com/jimmyjames85/depOne",
    "github.com/jimmyjames85/depTwo",
  ]
  solver-name = "gps-cdcl"
  solver-version = 1
