# This file is autogenerated, do not edit; changes may be undone by the next 'dep ensure'.


[[projects]]
  branch = "master"
  digest = "1:7635587be28b2ab71bc73b631c9749f285c2a287ca7743c4da490a94dfc09b61"
  name = "github.com/jimmyjames85/depOne"
  packages = ["."]
  pruneopts = "UT"
  revision = "d2d456a08ba873ec4dccf524c61da6e5de486f0f"

[solve-meta]
  analyzer-name = "dep"
  analyzer-version = 1
  input-imports = ["github.com/jimmyjames85/depOne"]
  solver-name = "gps-cdcl"
  solver-version = 1
